{
  "name": "BugReplay",
  "lockfileVersion": 2,
  "requires": true,
  "packages": {
    "": {
      "dependencies": {
        "dexie": "^3.2.3",
        "rrweb": "^2.0.0-alpha.4",
        "rrweb-player": "^1.0.0-alpha.4"
      }
    },
    "node_modules/@rrweb/types": {
      "version": "2.0.0-alpha.8",
      "resolved": "https://registry.npmjs.org/@rrweb/types/-/types-2.0.0-alpha.8.tgz",
      "integrity": "sha512-yAr6ZQrgmr7+qZU5DMGqYXnVsolC5epftmZtkOtgFD/bbvCWflNnl09M32hUjttlKCV1ohhmQGioXkCQ37IF7A==",
      "dependencies": {
        "rrweb-snapshot": "^2.0.0-alpha.8"
      }
    },
    "node_modules/@tsconfig/svelte": {
      "version": "1.0.13",
      "resolved": "https://registry.npmjs.org/@tsconfig/svelte/-/svelte-1.0.13.tgz",
      "integrity": "sha512-5lYJP45Xllo4yE/RUBccBT32eBlRDbqN8r1/MIvQbKxW3aFqaYPCNgm8D5V20X4ShHcwvYWNlKg3liDh1MlBoA=="
    },
    "node_modules/@types/css-font-loading-module": {
      "version": "0.0.7",
      "resolved": "https://registry.npmjs.org/@types/css-font-loading-module/-/css-font-loading-module-0.0.7.tgz",
      "integrity": "sha512-nl09VhutdjINdWyXxHWN/w9zlNCfr60JUqJbd24YXUuCwgeL0TpFSdElCwb6cxfB6ybE19Gjj4g0jsgkXxKv1Q=="
    },
    "node_modules/@xstate/fsm": {
      "version": "1.6.5",
      "resolved": "https://registry.npmjs.org/@xstate/fsm/-/fsm-1.6.5.tgz",
      "integrity": "sha512-b5o1I6aLNeYlU/3CPlj/Z91ybk1gUsKT+5NAJI+2W4UjvS5KLG28K9v5UvNoFVjHV8PajVZ00RH3vnjyQO7ZAw=="
    },
    "node_modules/base64-arraybuffer": {
      "version": "1.0.2",
      "resolved": "https://registry.npmjs.org/base64-arraybuffer/-/base64-arraybuffer-1.0.2.tgz",
      "integrity": "sha512-I3yl4r9QB5ZRY3XuJVEPfc2XhZO6YweFPI+UovAzn+8/hb3oJ6lnysaFcjVpkCPfVWFUDvoZ8kmVDP7WyRtYtQ==",
      "engines": {
        "node": ">= 0.6.0"
      }
    },
    "node_modules/dexie": {
      "version": "3.2.3",
      "resolved": "https://registry.npmjs.org/dexie/-/dexie-3.2.3.tgz",
      "integrity": "sha512-iHayBd4UYryDCVUNa3PMsJMEnd8yjyh5p7a+RFeC8i8n476BC9wMhVvqiImq5zJZJf5Tuer+s4SSj+AA3x+ZbQ==",
      "engines": {
        "node": ">=6.0"
      }
    },
    "node_modules/fflate": {
      "version": "0.4.8",
      "resolved": "https://registry.npmjs.org/fflate/-/fflate-0.4.8.tgz",
      "integrity": "sha512-FJqqoDBR00Mdj9ppamLa/Y7vxm+PRmNWA67N846RvsoYVMKB4q3y/de5PA7gUmRMYK/8CMz2GDZQmCRN1wBcWA=="
    },
    "node_modules/mitt": {
      "version": "3.0.0",
      "resolved": "https://registry.npmjs.org/mitt/-/mitt-3.0.0.tgz",
      "integrity": "sha512-7dX2/10ITVyqh4aOSVI9gdape+t9l2/8QxHrFmUXu4EEUpdlxl6RudZUPZoc+zuY2hk1j7XxVroIVIan/pD/SQ=="
    },
    "node_modules/rrdom": {
      "version": "0.1.7",
      "resolved": "https://registry.npmjs.org/rrdom/-/rrdom-0.1.7.tgz",
      "integrity": "sha512-ZLd8f14z9pUy2Hk9y636cNv5Y2BMnNEY99wxzW9tD2BLDfe1xFxtLjB4q/xCBYo6HRe0wofzKzjm4JojmpBfFw==",
      "dependencies": {
        "rrweb-snapshot": "^2.0.0-alpha.4"
      }
    },
    "node_modules/rrweb": {
      "version": "2.0.0-alpha.4",
      "resolved": "https://registry.npmjs.org/rrweb/-/rrweb-2.0.0-alpha.4.tgz",
      "integrity": "sha512-wEHUILbxDPcNwkM3m4qgPgXAiBJyqCbbOHyVoNEVBJzHszWEFYyTbrZqUdeb1EfmTRC2PsumCIkVcomJ/xcOzA==",
      "dependencies": {
        "@rrweb/types": "^2.0.0-alpha.4",
        "@types/css-font-loading-module": "0.0.7",
        "@xstate/fsm": "^1.4.0",
        "base64-arraybuffer": "^1.0.1",
        "fflate": "^0.4.4",
        "mitt": "^3.0.0",
        "rrdom": "^0.1.7",
        "rrweb-snapshot": "^2.0.0-alpha.4"
      }
    },
    "node_modules/rrweb-player": {
      "version": "1.0.0-alpha.4",
      "resolved": "https://registry.npmjs.org/rrweb-player/-/rrweb-player-1.0.0-alpha.4.tgz",
      "integrity": "sha512-Wlmn9GZ5Fdqa37vd3TzsYdLl/JWEvXNUrLCrYpnOwEgmY409HwVIvvA5aIo7k582LoKgdRCsB87N+f0oWAR0Kg==",
      "dependencies": {
        "@tsconfig/svelte": "^1.0.0",
        "rrweb": "^2.0.0-alpha.4"
      }
    },
    "node_modules/rrweb-snapshot": {
      "version": "2.0.0-alpha.8",
      "resolved": "https://registry.npmjs.org/rrweb-snapshot/-/rrweb-snapshot-2.0.0-alpha.8.tgz",
      "integrity": "sha512-3Rb7c+mnDEADQ8N9qn9SDH5PzCyHlZ1cwZC932qRyt9O8kJWLM11JLYqqEyQCa2FZVQbzH2iAaCgnyM7A32p7A=="
    }
  },
  "dependencies": {
    "@rrweb/types": {
      "version": "2.0.0-alpha.8",
      "resolved": "https://registry.npmjs.org/@rrweb/types/-/types-2.0.0-alpha.8.tgz",
      "integrity": "sha512-yAr6ZQrgmr7+qZU5DMGqYXnVsolC5epftmZtkOtgFD/bbvCWflNnl09M32hUjttlKCV1ohhmQGioXkCQ37IF7A==",
      "requires": {
        "rrweb-snapshot": "^2.0.0-alpha.8"
      }
    },
    "@tsconfig/svelte": {
      "version": "1.0.13",
      "resolved": "https://registry.npmjs.org/@tsconfig/svelte/-/svelte-1.0.13.tgz",
      "integrity": "sha512-5lYJP45Xllo4yE/RUBccBT32eBlRDbqN8r1/MIvQbKxW3aFqaYPCNgm8D5V20X4ShHcwvYWNlKg3liDh1MlBoA=="
    },
    "@types/css-font-loading-module": {
      "version": "0.0.7",
      "resolved": "https://registry.npmjs.org/@types/css-font-loading-module/-/css-font-loading-module-0.0.7.tgz",
      "integrity": "sha512-nl09VhutdjINdWyXxHWN/w9zlNCfr60JUqJbd24YXUuCwgeL0TpFSdElCwb6cxfB6ybE19Gjj4g0jsgkXxKv1Q=="
    },
    "@xstate/fsm": {
      "version": "1.6.5",
      "resolved": "https://registry.npmjs.org/@xstate/fsm/-/fsm-1.6.5.tgz",
      "integrity": "sha512-b5o1I6aLNeYlU/3CPlj/Z91ybk1gUsKT+5NAJI+2W4UjvS5KLG28K9v5UvNoFVjHV8PajVZ00RH3vnjyQO7ZAw=="
    },
    "base64-arraybuffer": {
      "version": "1.0.2",
      "resolved": "https://registry.npmjs.org/base64-arraybuffer/-/base64-arraybuffer-1.0.2.tgz",
      "integrity": "sha512-I3yl4r9QB5ZRY3XuJVEPfc2XhZO6YweFPI+UovAzn+8/hb3oJ6lnysaFcjVpkCPfVWFUDvoZ8kmVDP7WyRtYtQ=="
    },
    "dexie": {
      "version": "3.2.3",
      "resolved": "https://registry.npmjs.org/dexie/-/dexie-3.2.3.tgz",
      "integrity": "sha512-iHayBd4UYryDCVUNa3PMsJMEnd8yjyh5p7a+RFeC8i8n476BC9wMhVvqiImq5zJZJf5Tuer+s4SSj+AA3x+ZbQ=="
    },
    "fflate": {
      "version": "0.4.8",
      "resolved": "https://registry.npmjs.org/fflate/-/fflate-0.4.8.tgz",
      "integrity": "sha512-FJqqoDBR00Mdj9ppamLa/Y7vxm+PRmNWA67N846RvsoYVMKB4q3y/de5PA7gUmRMYK/8CMz2GDZQmCRN1wBcWA=="
    },
    "mitt": {
      "version": "3.0.0",
      "resolved": "https://registry.npmjs.org/mitt/-/mitt-3.0.0.tgz",
      "integrity": "sha512-7dX2/10ITVyqh4aOSVI9gdape+t9l2/8QxHrFmUXu4EEUpdlxl6RudZUPZoc+zuY2hk1j7XxVroIVIan/pD/SQ=="
    },
    "rrdom": {
      "version": "0.1.7",
      "resolved": "https://registry.npmjs.org/rrdom/-/rrdom-0.1.7.tgz",
      "integrity": "sha512-ZLd8f14z9pUy2Hk9y636cNv5Y2BMnNEY99wxzW9tD2BLDfe1xFxtLjB4q/xCBYo6HRe0wofzKzjm4JojmpBfFw==",
      "requires": {
        "rrweb-snapshot": "^2.0.0-alpha.4"
      }
    },
    "rrweb": {
      "version": "2.0.0-alpha.4",
      "resolved": "https://registry.npmjs.org/rrweb/-/rrweb-2.0.0-alpha.4.tgz",
      "integrity": "sha512-wEHUILbxDPcNwkM3m4qgPgXAiBJyqCbbOHyVoNEVBJzHszWEFYyTbrZqUdeb1EfmTRC2PsumCIkVcomJ/xcOzA==",
      "requires": {
        "@rrweb/types": "^2.0.0-alpha.4",
        "@types/css-font-loading-module": "0.0.7",
        "@xstate/fsm": "^1.4.0",
        "base64-arraybuffer": "^1.0.1",
        "fflate": "^0.4.4",
        "mitt": "^3.0.0",
        "rrdom": "^0.1.7",
        "rrweb-snapshot": "^2.0.0-alpha.4"
      }
    },
    "rrweb-player": {
      "version": "1.0.0-alpha.4",
      "resolved": "https://registry.npmjs.org/rrweb-player/-/rrweb-player-1.0.0-alpha.4.tgz",
      "integrity": "sha512-Wlmn9GZ5Fdqa37vd3TzsYdLl/JWEvXNUrLCrYpnOwEgmY409HwVIvvA5aIo7k582LoKgdRCsB87N+f0oWAR0Kg==",
      "requires": {
        "@tsconfig/svelte": "^1.0.0",
        "rrweb": "^2.0.0-alpha.4"
      }
    },
    "rrweb-snapshot": {
      "version": "2.0.0-alpha.8",
      "resolved": "https://registry.npmjs.org/rrweb-snapshot/-/rrweb-snapshot-2.0.0-alpha.8.tgz",
      "integrity": "sha512-3Rb7c+mnDEADQ8N9qn9SDH5PzCyHlZ1cwZC932qRyt9O8kJWLM11JLYqqEyQCa2FZVQbzH2iAaCgnyM7A32p7A=="
    }
  }
}
